
Microsoft Visual Studio Solution File, Format Version 12.00
# Visual Studio 15
VisualStudioVersion = 15.0.28010.2050
MinimumVisualStudioVersion = 10.0.40219.1
Project("{FAE04EC0-301F-11D3-BF4B-00C04F79EFBC}") = "calculosMatematicos", "calculosMatematicos\calculosMatematicos.csproj", "{29F481B5-9CFA-43FA-9461-691379F9F3E6}"
EndProject
Global
	GlobalSection(SolutionConfigurationPlatforms) = preSolution
		Debug|Any CPU = Debug|Any CPU
		Release|Any CPU = Release|Any CPU
	EndGlobalSection
	GlobalSection(ProjectConfigurationPlatforms) = postSolution
		{29F481B5-9CFA-43FA-9461-691379F9F3E6}.Debug|Any CPU.ActiveCfg = Debug|Any CPU
		{29F481B5-9CFA-43FA-9461-691379F9F3E6}.Debug|Any CPU.Build.0 = Debug|Any CPU
		{29F481B5-9CFA-43FA-9461-691379F9F3E6}.Release|Any CPU.ActiveCfg = Release|Any CPU
		{29F481B5-9CFA-43FA-9461-691379F9F3E6}.Release|Any CPU.Build.0 = Release|Any CPU
	EndGlobalSection
	GlobalSection(SolutionProperties) = preSolution
		HideSolutionNode = FALSE
	EndGlobalSection
	GlobalSection(ExtensibilityGlobals) = postSolution
		SolutionGuid = {0B0A9081-4259-426A-96D2-E0144CA5FD2F}
	EndGlobalSection
EndGlobal
